{
  "name": "quasar-app-extension-q-dynamic-form",
  "version": "0.0.1",
  "lockfileVersion": 2,
  "requires": true,
  "packages": {
    "": {
      "name": "quasar-app-extension-q-dynamic-form",
      "version": "0.0.1",
      "license": "MIT",
      "dependencies": {
        "quasar-ui-q-dynamic-form": "latest"
      },
      "engines": {
        "node": ">= 8.9.0",
        "npm": ">= 5.6.0",
        "yarn": ">= 1.6.0"
      }
    },
    "node_modules/@vue/compiler-core": {
      "version": "3.2.37",
      "license": "MIT",
      "dependencies": {
        "@babel/parser": "^7.16.4",
        "@vue/shared": "3.2.37",
        "estree-walker": "^2.0.2",
        "source-map": "^0.6.1"
      }
    },
    "node_modules/@vue/compiler-dom": {
      "version": "3.2.37",
      "license": "MIT",
      "dependencies": {
        "@vue/compiler-core": "3.2.37",
        "@vue/shared": "3.2.37"
      }
    },
    "node_modules/@vue/compiler-sfc": {
      "version": "3.2.37",
      "license": "MIT",
      "dependencies": {
        "@babel/parser": "^7.16.4",
        "@vue/compiler-core": "3.2.37",
        "@vue/compiler-dom": "3.2.37",
        "@vue/compiler-ssr": "3.2.37",
        "@vue/reactivity-transform": "3.2.37",
        "@vue/shared": "3.2.37",
        "estree-walker": "^2.0.2",
        "magic-string": "^0.25.7",
        "postcss": "^8.1.10",
        "source-map": "^0.6.1"
      }
    },
    "node_modules/@vue/compiler-ssr": {
      "version": "3.2.37",
      "license": "MIT",
      "dependencies": {
        "@vue/compiler-dom": "3.2.37",
        "@vue/shared": "3.2.37"
      }
    },
    "node_modules/@vue/reactivity": {
      "version": "3.2.37",
      "license": "MIT",
      "dependencies": {
        "@vue/shared": "3.2.37"
      }
    },
    "node_modules/@vue/reactivity-transform": {
      "version": "3.2.37",
      "license": "MIT",
      "dependencies": {
        "@babel/parser": "^7.16.4",
        "@vue/compiler-core": "3.2.37",
        "@vue/shared": "3.2.37",
        "estree-walker": "^2.0.2",
        "magic-string": "^0.25.7"
      }
    },
    "node_modules/@vue/runtime-core": {
      "version": "3.2.37",
      "license": "MIT",
      "dependencies": {
        "@vue/reactivity": "3.2.37",
        "@vue/shared": "3.2.37"
      }
    },
    "node_modules/@vue/runtime-dom": {
      "version": "3.2.37",
      "license": "MIT",
      "dependencies": {
        "@vue/runtime-core": "3.2.37",
        "@vue/shared": "3.2.37",
        "csstype": "^2.6.8"
      }
    },
    "node_modules/@vue/server-renderer": {
      "version": "3.2.37",
      "license": "MIT",
      "dependencies": {
        "@vue/compiler-ssr": "3.2.37",
        "@vue/shared": "3.2.37"
      },
      "peerDependencies": {
        "vue": "3.2.37"
      }
    },
    "node_modules/@vue/shared": {
      "version": "3.2.37",
      "license": "MIT"
    },
    "node_modules/quasar-ui-q-dynamic-form": {
      "version": "0.0.1",
      "resolved": "https://registry.npmjs.org/quasar-ui-q-dynamic-form/-/quasar-ui-q-dynamic-form-0.0.1.tgz",
      "integrity": "sha512-mzGlMy/KgQ92BPEgoezOWVnwERpO1WIgun6LFBdgmDJ/cqjM2sfWBmuqojkN9TRWYULnsc4VPg7PXe/wamJW9g==",
      "dependencies": {
        "vue": "^3.2.36",
        "vue-draggable-next": "^2.1.1",
        "vue-router": "^4.0.13",
        "vuedraggable": "^4.1.0"
      }
    },
    "node_modules/vue": {
      "version": "3.2.37",
      "license": "MIT",
      "dependencies": {
        "@vue/compiler-dom": "3.2.37",
        "@vue/compiler-sfc": "3.2.37",
        "@vue/runtime-dom": "3.2.37",
        "@vue/server-renderer": "3.2.37",
        "@vue/shared": "3.2.37"
      }
    },
    "node_modules/vue-draggable-next": {
      "version": "2.1.1",
      "license": "MIT",
      "peerDependencies": {
        "sortablejs": "^1.14.0",
        "vue": "^3.2.2"
      }
    },
    "node_modules/vue-router": {
      "version": "4.0.16",
      "license": "MIT",
      "dependencies": {
        "@vue/devtools-api": "^6.0.0"
      },
      "funding": {
        "url": "https://github.com/sponsors/posva"
      },
      "peerDependencies": {
        "vue": "^3.2.0"
      }
    },
    "node_modules/vuedraggable": {
      "version": "4.1.0",
      "license": "MIT",
      "dependencies": {
        "sortablejs": "1.14.0"
      },
      "peerDependencies": {
        "vue": "^3.0.1"
      }
    }
  },
  "dependencies": {
    "@vue/compiler-core": {
      "version": "3.2.37",
      "requires": {
        "@babel/parser": "^7.16.4",
        "@vue/shared": "3.2.37",
        "estree-walker": "^2.0.2",
        "source-map": "^0.6.1"
      }
    },
    "@vue/compiler-dom": {
      "version": "3.2.37",
      "requires": {
        "@vue/compiler-core": "3.2.37",
        "@vue/shared": "3.2.37"
      }
    },
    "@vue/compiler-sfc": {
      "version": "3.2.37",
      "requires": {
        "@babel/parser": "^7.16.4",
        "@vue/compiler-core": "3.2.37",
        "@vue/compiler-dom": "3.2.37",
        "@vue/compiler-ssr": "3.2.37",
        "@vue/reactivity-transform": "3.2.37",
        "@vue/shared": "3.2.37",
        "estree-walker": "^2.0.2",
        "magic-string": "^0.25.7",
        "postcss": "^8.1.10",
        "source-map": "^0.6.1"
      }
    },
    "@vue/compiler-ssr": {
      "version": "3.2.37",
      "requires": {
        "@vue/compiler-dom": "3.2.37",
        "@vue/shared": "3.2.37"
      }
    },
    "@vue/reactivity": {
      "version": "3.2.37",
      "requires": {
        "@vue/shared": "3.2.37"
      }
    },
    "@vue/reactivity-transform": {
      "version": "3.2.37",
      "requires": {
        "@babel/parser": "^7.16.4",
        "@vue/compiler-core": "3.2.37",
        "@vue/shared": "3.2.37",
        "estree-walker": "^2.0.2",
        "magic-string": "^0.25.7"
      }
    },
    "@vue/runtime-core": {
      "version": "3.2.37",
      "requires": {
        "@vue/reactivity": "3.2.37",
        "@vue/shared": "3.2.37"
      }
    },
    "@vue/runtime-dom": {
      "version": "3.2.37",
      "requires": {
        "@vue/runtime-core": "3.2.37",
        "@vue/shared": "3.2.37",
        "csstype": "^2.6.8"
      }
    },
    "@vue/server-renderer": {
      "version": "3.2.37",
      "requires": {
        "@vue/compiler-ssr": "3.2.37",
        "@vue/shared": "3.2.37"
      }
    },
    "@vue/shared": {
      "version": "3.2.37"
    },
    "quasar-ui-q-dynamic-form": {
      "version": "0.0.1",
      "resolved": "https://registry.npmjs.org/quasar-ui-q-dynamic-form/-/quasar-ui-q-dynamic-form-0.0.1.tgz",
      "integrity": "sha512-mzGlMy/KgQ92BPEgoezOWVnwERpO1WIgun6LFBdgmDJ/cqjM2sfWBmuqojkN9TRWYULnsc4VPg7PXe/wamJW9g==",
      "requires": {
        "vue": "^3.2.36",
        "vue-draggable-next": "^2.1.1",
        "vue-router": "^4.0.13",
        "vuedraggable": "^4.1.0"
      }
    },
    "vue": {
      "version": "3.2.37",
      "requires": {
        "@vue/compiler-dom": "3.2.37",
        "@vue/compiler-sfc": "3.2.37",
        "@vue/runtime-dom": "3.2.37",
        "@vue/server-renderer": "3.2.37",
        "@vue/shared": "3.2.37"
      }
    },
    "vue-draggable-next": {
      "version": "2.1.1",
      "requires": {}
    },
    "vue-router": {
      "version": "4.0.16",
      "requires": {
        "@vue/devtools-api": "^6.0.0"
      }
    },
    "vuedraggable": {
      "version": "4.1.0",
      "requires": {
        "sortablejs": "1.14.0"
      }
    }
  }
}
